// !$*UTF8*$!
{
	archiveVersion = 1;
	classes = {
	};
	objectVersion = 46;
	objects = {

/* Begin PBXBuildFile section */
		867389F61EA7C7CA00DB26EB /* FlickrAPI.swift in Sources */ = {isa = PBXBuildFile; fileRef = 867389F51EA7C7CA00DB26EB /* FlickrAPI.swift */; };
		867389F81EA7CAC200DB26EB /* PhotoStore.swift in Sources */ = {isa = PBXBuildFile; fileRef = 867389F71EA7CAC200DB26EB /* PhotoStore.swift */; };
		868E159D1EB2D5CD0077C58F /* Photorama.xcdatamodeld in Sources */ = {isa = PBXBuildFile; fileRef = 868E159B1EB2D5CD0077C58F /* Photorama.xcdatamodeld */; };
		8696E2241EB2D7B100409375 /* Photo+CoreDataClass.swift in Sources */ = {isa = PBXBuildFile; fileRef = 8696E2221EB2D7B100409375 /* Photo+CoreDataClass.swift */; };
		8696E2251EB2D7B100409375 /* Photo+CoreDataProperties.swift in Sources */ = {isa = PBXBuildFile; fileRef = 8696E2231EB2D7B100409375 /* Photo+CoreDataProperties.swift */; };
		869F31FD1EB1027500291213 /* PhotoDataSource.swift in Sources */ = {isa = PBXBuildFile; fileRef = 869F31FC1EB1027500291213 /* PhotoDataSource.swift */; };
		869F31FF1EB1085F00291213 /* PhotoCollectionViewCell.swift in Sources */ = {isa = PBXBuildFile; fileRef = 869F31FE1EB1085F00291213 /* PhotoCollectionViewCell.swift */; };
		869F32011EB10EEF00291213 /* ImageStore.swift in Sources */ = {isa = PBXBuildFile; fileRef = 869F32001EB10EEF00291213 /* ImageStore.swift */; };
		869F32031EB10F9900291213 /* PhotoInfoViewController.swift in Sources */ = {isa = PBXBuildFile; fileRef = 869F32021EB10F9900291213 /* PhotoInfoViewController.swift */; };
		86E04AF11EA7C58E00663603 /* PhotosViewController.swift in Sources */ = {isa = PBXBuildFile; fileRef = 86E04AF01EA7C58E00663603 /* PhotosViewController.swift */; };
		86F365D11E9E8C5C008A6119 /* AppDelegate.swift in Sources */ = {isa = PBXBuildFile; fileRef = 86F365D01E9E8C5C008A6119 /* AppDelegate.swift */; };
		86F365D31E9E8C5C008A6119 /* ViewController.swift in Sources */ = {isa = PBXBuildFile; fileRef = 86F365D21E9E8C5C008A6119 /* ViewController.swift */; };
		86F365D61E9E8C5D008A6119 /* Main.storyboard in Resources */ = {isa = PBXBuildFile; fileRef = 86F365D41E9E8C5D008A6119 /* Main.storyboard */; };
		86F365D81E9E8C5D008A6119 /* Assets.xcassets in Resources */ = {isa = PBXBuildFile; fileRef = 86F365D71E9E8C5D008A6119 /* Assets.xcassets */; };
		86F365DB1E9E8C5D008A6119 /* LaunchScreen.storyboard in Resources */ = {isa = PBXBuildFile; fileRef = 86F365D91E9E8C5D008A6119 /* LaunchScreen.storyboard */; };
/* End PBXBuildFile section */

/* Begin PBXFileReference section */
		867389F51EA7C7CA00DB26EB /* FlickrAPI.swift */ = {isa = PBXFileReference; fileEncoding = 4; lastKnownFileType = sourcecode.swift; path = FlickrAPI.swift; sourceTree = "<group>"; };
		867389F71EA7CAC200DB26EB /* PhotoStore.swift */ = {isa = PBXFileReference; fileEncoding = 4; lastKnownFileType = sourcecode.swift; path = PhotoStore.swift; sourceTree = "<group>"; };
		868E159C1EB2D5CD0077C58F /* Photorama.xcdatamodel */ = {isa = PBXFileReference; lastKnownFileType = wrapper.xcdatamodel; path = Photorama.xcdatamodel; sourceTree = "<group>"; };
		8696E2221EB2D7B100409375 /* Photo+CoreDataClass.swift */ = {isa = PBXFileReference; fileEncoding = 4; lastKnownFileType = sourcecode.swift; path = "Photo+CoreDataClass.swift"; sourceTree = "<group>"; };
		8696E2231EB2D7B100409375 /* Photo+CoreDataProperties.swift */ = {isa = PBXFileReference; fileEncoding = 4; lastKnownFileType = sourcecode.swift; path = "Photo+CoreDataProperties.swift"; sourceTree = "<group>"; };
		869F31FC1EB1027500291213 /* PhotoDataSource.swift */ = {isa = PBXFileReference; fileEncoding = 4; lastKnownFileType = sourcecode.swift; path = PhotoDataSource.swift; sourceTree = "<group>"; };
		869F31FE1EB1085F00291213 /* PhotoCollectionViewCell.swift */ = {isa = PBXFileReference; fileEncoding = 4; lastKnownFileType = sourcecode.swift; path = PhotoCollectionViewCell.swift; sourceTree = "<group>"; };
		869F32001EB10EEF00291213 /* ImageStore.swift */ = {isa = PBXFileReference; fileEncoding = 4; lastKnownFileType = sourcecode.swift; path = ImageStore.swift; sourceTree = "<group>"; };
		869F32021EB10F9900291213 /* PhotoInfoViewController.swift */ = {isa = PBXFileReference; fileEncoding = 4; lastKnownFileType = sourcecode.swift; path = PhotoInfoViewController.swift; sourceTree = "<group>"; };
		86E04AF01EA7C58E00663603 /* PhotosViewController.swift */ = {isa = PBXFileReference; fileEncoding = 4; lastKnownFileType = sourcecode.swift; name = PhotosViewController.swift; path = ../PhotosViewController.swift; sourceTree = "<group>"; };
		86F365CD1E9E8C5C008A6119 /* Photorama.app */ = {isa = PBXFileReference; explicitFileType = wrapper.application; includeInIndex = 0; path = Photorama.app; sourceTree = BUILT_PRODUCTS_DIR; };
		86F365D01E9E8C5C008A6119 /* AppDelegate.swift */ = {isa = PBXFileReference; lastKnownFileType = sourcecode.swift; path = AppDelegate.swift; sourceTree = "<group>"; };
		86F365D21E9E8C5C008A6119 /* ViewController.swift */ = {isa = PBXFileReference; lastKnownFileType = sourcecode.swift; path = ViewController.swift; sourceTree = "<group>"; };
		86F365D51E9E8C5D008A6119 /* Base */ = {isa = PBXFileReference; lastKnownFileType = file.storyboard; name = Base; path = Base.lproj/Main.storyboard; sourceTree = "<group>"; };
		86F365D71E9E8C5D008A6119 /* Assets.xcassets */ = {isa = PBXFileReference; lastKnownFileType = folder.assetcatalog; path = Assets.xcassets; sourceTree = "<group>"; };
		86F365DA1E9E8C5D008A6119 /* Base */ = {isa = PBXFileReference; lastKnownFileType = file.storyboard; name = Base; path = Base.lproj/LaunchScreen.storyboard; sourceTree = "<group>"; };
		86F365DC1E9E8C5E008A6119 /* Info.plist */ = {isa = PBXFileReference; lastKnownFileType = text.plist.xml; path = Info.plist; sourceTree = "<group>"; };
/* End PBXFileReference section */

/* Begin PBXFrameworksBuildPhase section */
		86F365CA1E9E8C5C008A6119 /* Frameworks */ = {
			isa = PBXFrameworksBuildPhase;
			buildActionMask = 2147483647;
			files = (
			);
			runOnlyForDeploymentPostprocessing = 0;
		};
/* End PBXFrameworksBuildPhase section */

/* Begin PBXGroup section */
		86F365C41E9E8C5C008A6119 = {
			isa = PBXGroup;
			children = (
				8696E2221EB2D7B100409375 /* Photo+CoreDataClass.swift */,
				8696E2231EB2D7B100409375 /* Photo+CoreDataProperties.swift */,
				86F365CF1E9E8C5C008A6119 /* Photorama */,
				86F365CE1E9E8C5C008A6119 /* Products */,
			);
			sourceTree = "<group>";
		};
		86F365CE1E9E8C5C008A6119 /* Products */ = {
			isa = PBXGroup;
			children = (
				86F365CD1E9E8C5C008A6119 /* Photorama.app */,
			);
			name = Products;
			sourceTree = "<group>";
		};
		86F365CF1E9E8C5C008A6119 /* Photorama */ = {
			isa = PBXGroup;
			children = (
				86F365D01E9E8C5C008A6119 /* AppDelegate.swift */,
				86F365D21E9E8C5C008A6119 /* ViewController.swift */,
				86E04AF01EA7C58E00663603 /* PhotosViewController.swift */,
				86F365D41E9E8C5D008A6119 /* Main.storyboard */,
				869F31FE1EB1085F00291213 /* PhotoCollectionViewCell.swift */,
				869F31FC1EB1027500291213 /* PhotoDataSource.swift */,
				867389F51EA7C7CA00DB26EB /* FlickrAPI.swift */,
				867389F71EA7CAC200DB26EB /* PhotoStore.swift */,
				869F32021EB10F9900291213 /* PhotoInfoViewController.swift */,
				869F32001EB10EEF00291213 /* ImageStore.swift */,
				86F365D71E9E8C5D008A6119 /* Assets.xcassets */,
				868E159B1EB2D5CD0077C58F /* Photorama.xcdatamodeld */,
				86F365D91E9E8C5D008A6119 /* LaunchScreen.storyboard */,
				86F365DC1E9E8C5E008A6119 /* Info.plist */,
			);
			path = Photorama;
			sourceTree = "<group>";
		};
/* End PBXGroup section */

/* Begin PBXNativeTarget section */
		86F365CC1E9E8C5C008A6119 /* Photorama */ = {
			isa = PBXNativeTarget;
			buildConfigurationList = 86F365DF1E9E8C5E008A6119 /* Build configuration list for PBXNativeTarget "Photorama" */;
			buildPhases = (
				86F365C91E9E8C5C008A6119 /* Sources */,
				86F365CA1E9E8C5C008A6119 /* Frameworks */,
				86F365CB1E9E8C5C008A6119 /* Resources */,
			);
			buildRules = (
			);
			dependencies = (
			);
			name = Photorama;
			productName = Photorama;
			productReference = 86F365CD1E9E8C5C008A6119 /* Photorama.app */;
			productType = "com.apple.product-type.application";
		};
/* End PBXNativeTarget section */

/* Begin PBXProject section */
		86F365C51E9E8C5C008A6119 /* Project object */ = {
			isa = PBXProject;
			attributes = {
				LastSwiftUpdateCheck = 0830;
				LastUpgradeCheck = 0830;
				ORGANIZATIONNAME = "Matthew Olker";
				TargetAttributes = {
					86F365CC1E9E8C5C008A6119 = {
						CreatedOnToolsVersion = 8.3;
						DevelopmentTeam = 3V9523999D;
						ProvisioningStyle = Automatic;
					};
				};
			};
			buildConfigurationList = 86F365C81E9E8C5C008A6119 /* Build configuration list for PBXProject "Photorama" */;
			compatibilityVersion = "Xcode 3.2";
			developmentRegion = English;
			hasScannedForEncodings = 0;
			knownRegions = (
				en,
				Base,
			);
			mainGroup = 86F365C41E9E8C5C008A6119;
			productRefGroup = 86F365CE1E9E8C5C008A6119 /* Products */;
			projectDirPath = "";
			projectRoot = "";
			targets = (
				86F365CC1E9E8C5C008A6119 /* Photorama */,
			);
		};
/* End PBXProject section */

/* Begin PBXResourcesBuildPhase section */
		86F365CB1E9E8C5C008A6119 /* Resources */ = {
			isa = PBXResourcesBuildPhase;
			buildActionMask = 2147483647;
			files = (
				86F365DB1E9E8C5D008A6119 /* LaunchScreen.storyboard in Resources */,
				86F365D81E9E8C5D008A6119 /* Assets.xcassets in Resources */,
				86F365D61E9E8C5D008A6119 /* Main.storyboard in Resources */,
			);
			runOnlyForDeploymentPostprocessing = 0;
		};
/* End PBXResourcesBuildPhase section */

/* Begin PBXSourcesBuildPhase section */
		86F365C91E9E8C5C008A6119 /* Sources */ = {
			isa = PBXSourcesBuildPhase;
			buildActionMask = 2147483647;
			files = (
				869F32031EB10F9900291213 /* PhotoInfoViewController.swift in Sources */,
				8696E2241EB2D7B100409375 /* Photo+CoreDataClass.swift in Sources */,
				869F31FF1EB1085F00291213 /* PhotoCollectionViewCell.swift in Sources */,
				869F31FD1EB1027500291213 /* PhotoDataSource.swift in Sources */,
				867389F81EA7CAC200DB26EB /* PhotoStore.swift in Sources */,
				86E04AF11EA7C58E00663603 /* PhotosViewController.swift in Sources */,
				8696E2251EB2D7B100409375 /* Photo+CoreDataProperties.swift in Sources */,
				869F32011EB10EEF00291213 /* ImageStore.swift in Sources */,
				868E159D1EB2D5CD0077C58F /* Photorama.xcdatamodeld in Sources */,
				86F365D31E9E8C5C008A6119 /* ViewController.swift in Sources */,
				86F365D11E9E8C5C008A6119 /* AppDelegate.swift in Sources */,
				867389F61EA7C7CA00DB26EB /* FlickrAPI.swift in Sources */,
			);
			runOnlyForDeploymentPostprocessing = 0;
		};
/* End PBXSourcesBuildPhase section */

/* Begin PBXVariantGroup section */
		86F365D41E9E8C5D008A6119 /* Main.storyboard */ = {
			isa = PBXVariantGroup;
			children = (
				86F365D51E9E8C5D008A6119 /* Base */,
			);
			name = Main.storyboard;
			sourceTree = "<group>";
		};
		86F365D91E9E8C5D008A6119 /* LaunchScreen.storyboard */ = {
			isa = PBXVariantGroup;
			children = (
				86F365DA1E9E8C5D008A6119 /* Base */,
			);
			name = LaunchScreen.storyboard;
			sourceTree = "<group>";
		};
/* End PBXVariantGroup section */

/* Begin XCBuildConfiguration section */
		86F365DD1E9E8C5E008A6119 /* Debug */ = {
			isa = XCBuildConfiguration;
			buildSettings = {
				ALWAYS_SEARCH_USER_PATHS = NO;
				CLANG_ANALYZER_NONNULL = YES;
				CLANG_ANALYZER_NUMBER_OBJECT_CONVERSION = YES_AGGRESSIVE;
				CLANG_CXX_LANGUAGE_STANDARD = "gnu++0x";
				CLANG_CXX_LIBRARY = "libc++";
				CLANG_ENABLE_MODULES = YES;
				CLANG_ENABLE_OBJC_ARC = YES;
				CLANG_WARN_BOOL_CONVERSION = YES;
				CLANG_WARN_CONSTANT_CONVERSION = YES;
				CLANG_WARN_DIRECT_OBJC_ISA_USAGE = YES_ERROR;
				CLANG_WARN_DOCUMENTATION_COMMENTS = YES;
				CLANG_WARN_EMPTY_BODY = YES;
				CLANG_WARN_ENUM_CONVERSION = YES;
				CLANG_WARN_INFINITE_RECURSION = YES;
				CLANG_WARN_INT_CONVERSION = YES;
				CLANG_WARN_OBJC_ROOT_CLASS = YES_ERROR;
				CLANG_WARN_SUSPICIOUS_MOVE = YES;
				CLANG_WARN_UNREACHABLE_CODE = YES;
				CLANG_WARN__DUPLICATE_METHOD_MATCH = YES;
				"CODE_SIGN_IDENTITY[sdk=iphoneos*]" = "iPhone Developer";
				COPY_PHASE_STRIP = NO;
				DEBUG_INFORMATION_FORMAT = dwarf;
				ENABLE_STRICT_OBJC_MSGSEND = YES;
				ENABLE_TESTABILITY = YES;
				GCC_C_LANGUAGE_STANDARD = gnu99;
				GCC_DYNAMIC_NO_PIC = NO;
				GCC_NO_COMMON_BLOCKS = YES;
				GCC_OPTIMIZATION_LEVEL = 0;
				GCC_PREPROCESSOR_DEFINITIONS = (
					"DEBUG=1",
					"$(inherited)",
				);
				GCC_WARN_64_TO_32_BIT_CONVERSION = YES;
				GCC_WARN_ABOUT_RETURN_TYPE = YES_ERROR;
				GCC_WARN_UNDECLARED_SELECTOR = YES;
				GCC_WARN_UNINITIALIZED_AUTOS = YES_AGGRESSIVE;
				GCC_WARN_UNUSED_FUNCTION = YES;
				GCC_WARN_UNUSED_VARIABLE = YES;
				IPHONEOS_DEPLOYMENT_TARGET = 10.3;
				MTL_ENABLE_DEBUG_INFO = YES;
				ONLY_ACTIVE_ARCH = YES;
				SDKROOT = iphoneos;
				SWIFT_ACTIVE_COMPILATION_CONDITIONS = DEBUG;
				SWIFT_OPTIMIZATION_LEVEL = "-Onone";
				TARGETED_DEVICE_FAMILY = "1,2";
			};
			name = Debug;
		};
		86F365DE1E9E8C5E008A6119 /* Release */ = {
			isa = XCBuildConfiguration;
			buildSettings = {
				ALWAYS_SEARCH_USER_PATHS = NO;
				CLANG_ANALYZER_NONNULL = YES;
				CLANG_ANALYZER_NUMBER_OBJECT_CONVERSION = YES_AGGRESSIVE;
				CLANG_CXX_LANGUAGE_STANDARD = "gnu++0x";
				CLANG_CXX_LIBRARY = "libc++";
				CLANG_ENABLE_MODULES = YES;
				CLANG_ENABLE_OBJC_ARC = YES;
				CLANG_WARN_BOOL_CONVERSION = YES;
				CLANG_WARN_CONSTANT_CONVERSION = YES;
				CLANG_WARN_DIRECT_OBJC_ISA_USAGE = YES_ERROR;
				CLANG_WARN_DOCUMENTATION_COMMENTS = YES;
				CLANG_WARN_EMPTY_BODY = YES;
				CLANG_WARN_ENUM_CONVERSION = YES;
				CLANG_WARN_INFINITE_RECURSION = YES;
				CLANG_WARN_INT_CONVERSION = YES;
				CLANG_WARN_OBJC_ROOT_CLASS = YES_ERROR;
				CLANG_WARN_SUSPICIOUS_MOVE = YES;
				CLANG_WARN_UNREACHABLE_CODE = YES;
				CLANG_WARN__DUPLICATE_METHOD_MATCH = YES;
				"CODE_SIGN_IDENTITY[sdk=iphoneos*]" = "iPhone Developer";
				COPY_PHASE_STRIP = NO;
				DEBUG_INFORMATION_FORMAT = "dwarf-with-dsym";
				ENABLE_NS_ASSERTIONS = NO;
				ENABLE_STRICT_OBJC_MSGSEND = YES;
				GCC_C_LANGUAGE_STANDARD = gnu99;
				GCC_NO_COMMON_BLOCKS = YES;
				GCC_WARN_64_TO_32_BIT_CONVERSION = YES;
				GCC_WARN_ABOUT_RETURN_TYPE = YES_ERROR;
				GCC_WARN_UNDECLARED_SELECTOR = YES;
				GCC_WARN_UNINITIALIZED_AUTOS = YES_AGGRESSIVE;
				GCC_WARN_UNUSED_FUNCTION = YES;
				GCC_WARN_UNUSED_VARIABLE = YES;
				IPHONEOS_DEPLOYMENT_TARGET = 10.3;
				MTL_ENABLE_DEBUG_INFO = NO;
				SDKROOT = iphoneos;
				SWIFT_OPTIMIZATION_LEVEL = "-Owholemodule";
				TARGETED_DEVICE_FAMILY = "1,2";
				VALIDATE_PRODUCT = YES;
			};
			name = Release;
		};
		86F365E01E9E8C5E008A6119 /* Debug */ = {
			isa = XCBuildConfiguration;
			buildSettings = {
				ASSETCATALOG_COMPILER_APPICON_NAME = AppIcon;
				DEVELOPMENT_TEAM = 3V9523999D;
				INFOPLIST_FILE = Photorama/Info.plist;
				LD_RUNPATH_SEARCH_PATHS = "$(inherited) @executable_path/Frameworks";
				PRODUCT_BUNDLE_IDENTIFIER = com.molker.Photorama;
				PRODUCT_NAME = "$(TARGET_NAME)";
				SWIFT_VERSION = 3.0;
			};
			name = Debug;
		};
		86F365E11E9E8C5E008A6119 /* Release */ = {
			isa = XCBuildConfiguration;
			buildSettings = {
				ASSETCATALOG_COMPILER_APPICON_NAME = AppIcon;
				DEVELOPMENT_TEAM = 3V9523999D;
				INFOPLIST_FILE = Photorama/Info.plist;
				LD_RUNPATH_SEARCH_PATHS = "$(inherited) @executable_path/Frameworks";
				PRODUCT_BUNDLE_IDENTIFIER = com.molker.Photorama;
				PRODUCT_NAME = "$(TARGET_NAME)";
				SWIFT_VERSION = 3.0;
			};
			name = Release;
		};
/* End XCBuildConfiguration section */

/* Begin XCConfigurationList section */
		86F365C81E9E8C5C008A6119 /* Build configuration list for PBXProject "Photorama" */ = {
			isa = XCConfigurationList;
			buildConfigurations = (
				86F365DD1E9E8C5E008A6119 /* Debug */,
				86F365DE1E9E8C5E008A6119 /* Release */,
			);
			defaultConfigurationIsVisible = 0;
			defaultConfigurationName = Release;
		};
		86F365DF1E9E8C5E008A6119 /* Build configuration list for PBXNativeTarget "Photorama" */ = {
			isa = XCConfigurationList;
			buildConfigurations = (
				86F365E01E9E8C5E008A6119 /* Debug */,
				86F365E11E9E8C5E008A6119 /* Release */,
			);
			defaultConfigurationIsVisible = 0;
			defaultConfigurationName = Release;
		};
/* End XCConfigurationList section */

/* Begin XCVersionGroup section */
		868E159B1EB2D5CD0077C58F /* Photorama.xcdatamodeld */ = {
			isa = XCVersionGroup;
			children = (
				868E159C1EB2D5CD0077C58F /* Photorama.xcdatamodel */,
			);
			currentVersion = 868E159C1EB2D5CD0077C58F /* Photorama.xcdatamodel */;
			path = Photorama.xcdatamodeld;
			sourceTree = "<group>";
			versionGroupType = wrapper.xcdatamodel;
		};
/* End XCVersionGroup section */
	};
	rootObject = 86F365C51E9E8C5C008A6119 /* Project object */;
}
